<?xml version="1.0" encoding="utf-8"?>
<Project ToolsVersion="4.0" xmlns="http://schemas.microsoft.com/developer/msbuild/2003">
  <ItemGroup>
    <Filter Include="src">
      <UniqueIdentifier>{2DAB880B-99B4-887C-2230-9F7C8E38947C}</UniqueIdentifier>
    </Filter>
    <Filter Include="src\2Dshootergame">
      <UniqueIdentifier>{90C01BBA-FCD6-1950-454E-A571B1A3EAD7}</UniqueIdentifier>
    </Filter>
    <Filter Include="src\Minecraft">
      <UniqueIdentifier>{D503A428-41C4-1F5F-0AFF-68DC767E643B}</UniqueIdentifier>
    </Filter>
    <Filter Include="src\SpaceFire">
      <UniqueIdentifier>{CE48086C-3A09-84A2-0344-CD1F6FC3C87E}</UniqueIdentifier>
    </Filter>
    <Filter Include="src\game">
      <UniqueIdentifier>{165530CF-0222-8BDA-2B3B-79821767C068}</UniqueIdentifier>
    </Filter>
  </ItemGroup>
  <ItemGroup>
    <ClInclude Include="pch.h" />
    <ClInclude Include="src\FEM\FEM.h" />
    <ClInclude Include="src\FEM\MathFunctions.h" />
    <ClInclude Include="src\FEM\Matrix.h" />
    <ClInclude Include="src\FEM\Vector.h" />
    <ClInclude Include="src\game\BlankProject.h" />
    <ClInclude Include="src\SpaceFire\Ammo.h" />
    <ClInclude Include="src\SpaceFire\Bullet.h" />
    <ClInclude Include="src\SpaceFire\ShipEnemy.h" />
    <ClInclude Include="src\SpaceFire\ShipPlayer.h" />
    <ClInclude Include="src\SpaceFire\SpaceFire.h" />
    <ClInclude Include="src\game\RayCastTest.h" />
    <ClInclude Include="src\game\TicTacToe.h" />
    <ClInclude Include="src\game\StressTest.h" />
    <ClInclude Include="src\Hexagon\Hexagon.h" />
    <ClInclude Include="src\AimTrainer\AimTrainer.h" />
    <ClInclude Include="src\Examples\Test.h" />
    <ClInclude Include="src\Examples\RayCastTest.h" />
    <ClInclude Include="src\Examples\StressTest.h" />
    <ClInclude Include="src\Examples\TicTacToe.h" />
  </ItemGroup>
  <ItemGroup>
    <ClCompile Include="SandBox.cpp" />
    <ClCompile Include="pch.cpp" />
    <ClCompile Include="src\FEM\FEM.cpp" />
    <ClCompile Include="src\FEM\MathFunctions.cpp" />
    <ClCompile Include="src\FEM\Matrix.cpp" />
    <ClCompile Include="src\FEM\Vector.cpp" />
    <ClCompile Include="src\SpaceFire\ShipEnemy.cpp" />
    <ClCompile Include="src\SpaceFire\ShipPlayer.cpp" />
    <ClCompile Include="src\Hexagon\Hexagon.cpp" />
    <ClCompile Include="src\AimTrainer\AimTrainer.cpp" />
  </ItemGroup>
  <ItemGroup>
    <None Include="src\Shaders\BakeShadows.shader" />
    <None Include="src\Shaders\BakeShadowsInstancing.shader" />
    <None Include="src\Shaders\Collision2D.shader" />
    <None Include="src\Shaders\CubeCollider.shader" />
    <None Include="src\Shaders\Default2D.shader" />
    <None Include="src\Shaders\Default3D.shader" />
    <None Include="src\Shaders\DepthBuffer.shader" />
    <None Include="src\Shaders\Font.shader" />
    <None Include="src\Shaders\Instancing3D.shader" />
    <None Include="src\Shaders\Line.shader" />
    <None Include="src\Shaders\LineSimple.shader" />
    <None Include="src\Shaders\SkyBox.shader" />
    <None Include="src\Shaders\Tron.shader" />
    <None Include="src\Scripts\GameTest.lua" />
    <None Include="src\Shaders\Blur.shader" />
    <None Include="src\Shaders\Bloom.shader" />
    <None Include="src\Shaders\QuadFullScreen.shader" />
    <None Include="src\Scenes\RayCastTest.yaml" />
    <None Include="src\Scenes\scene.yaml" />
    <None Include="src\Shaders\TestShader.shader" />
  </ItemGroup>
  <ItemGroup>
    <Image Include="src\Fonts\arial.png" />
    <Image Include="src\Fonts\calibri.png" />
    <Image Include="src\Fonts\harrington.png" />
    <Image Include="src\Fonts\peak.png" />
    <Image Include="src\Fonts\playball.png" />
    <Image Include="src\Fonts\segoe.png" />
    <Image Include="src\GameRPG\Textures\RPGpack_sheet_2X.png" />
    <Image Include="src\Images\arial.png" />
    <Image Include="src\Images\background.png" />
    <Image Include="src\Images\bird.png" />
    <Image Include="src\Images\bomb.png" />
    <Image Include="src\Images\Box.png" />
    <Image Include="src\Images\Box1.png" />
    <Image Include="src\Images\Box1normalmap.png" />
    <Image Include="src\Images\car.png" />
    <Image Include="src\Images\Circle.png" />
    <Image Include="src\Images\coin.png" />
    <Image Include="src\Images\CrossLines.png" />
    <Image Include="src\Images\default.png" />
    <Image Include="src\Images\dirt.jpg" />
    <Image Include="src\Images\download.png" />
    <Image Include="src\Images\earth.png" />
    <Image Include="src\Images\Gladiator_BaseColor.png" />
    <Image Include="src\Images\Gladiator_body_normal_3ds_Max.png" />
    <Image Include="src\Images\Heart.png" />
    <Image Include="src\Images\Leaves01.png" />
    <Image Include="src\Images\man.png" />
    <Image Include="src\Images\MuzzleFlash.png" />
    <Image Include="src\Images\normalMap.png" />
    <Image Include="src\Images\one.png" />
    <Image Include="src\Images\reddot.png" />
    <Image Include="src\Images\Stone.png" />
    <Image Include="src\Images\tgorecfs_2K_Normal.png" />
    <Image Include="src\Images\tube.png" />
    <Image Include="src\Images\watermellon.png" />
    <Image Include="src\Images\WhiteCircle.png" />
  </ItemGroup>
  <ItemGroup>
    <Text Include="src\Fonts\arial.txt" />
    <Text Include="src\Fonts\calibri.txt" />
    <Text Include="src\Fonts\harrington.txt" />
    <Text Include="src\Fonts\peak.txt" />
    <Text Include="src\Fonts\playball.txt" />
    <Text Include="src\Fonts\segoe.txt" />
  </ItemGroup>
</Project>