<?xml version="1.0" encoding="utf-8"?>
<Project ToolsVersion="4.0" xmlns="http://schemas.microsoft.com/developer/msbuild/2003">
  <ItemGroup>
    <Filter Include="src">
      <UniqueIdentifier>{2DAB880B-99B4-887C-2230-9F7C8E38947C}</UniqueIdentifier>
    </Filter>
    <Filter Include="src\2Dshootergame">
      <UniqueIdentifier>{90C01BBA-FCD6-1950-454E-A571B1A3EAD7}</UniqueIdentifier>
    </Filter>
    <Filter Include="src\Minecraft">
      <UniqueIdentifier>{D503A428-41C4-1F5F-0AFF-68DC767E643B}</UniqueIdentifier>
    </Filter>
    <Filter Include="src\SpaceFire">
      <UniqueIdentifier>{CE48086C-3A09-84A2-0344-CD1F6FC3C87E}</UniqueIdentifier>
    </Filter>
    <Filter Include="src\game">
      <UniqueIdentifier>{165530CF-0222-8BDA-2B3B-79821767C068}</UniqueIdentifier>
    </Filter>
  </ItemGroup>
  <ItemGroup>
    <ClInclude Include="pch.h" />
    <ClInclude Include="src\FEM\FEM.h" />
    <ClInclude Include="src\FEM\MathFunctions.h" />
    <ClInclude Include="src\FEM\Matrix.h" />
    <ClInclude Include="src\FEM\Vector.h" />
    <ClInclude Include="src\game\BlankProject.h" />
  </ItemGroup>
  <ItemGroup>
    <ClCompile Include="SandBox.cpp" />
    <ClCompile Include="pch.cpp" />
    <ClCompile Include="src\FEM\FEM.cpp" />
    <ClCompile Include="src\FEM\MathFunctions.cpp" />
    <ClCompile Include="src\FEM\Matrix.cpp" />
    <ClCompile Include="src\FEM\Vector.cpp" />
  </ItemGroup>
  <ItemGroup>
    <None Include="src\Shaders\BakeShadows.shader" />
    <None Include="src\Shaders\BakeShadowsInstancing.shader" />
    <None Include="src\Shaders\Collision2D.shader" />
    <None Include="src\Shaders\CubeCollider.shader" />
    <None Include="src\Shaders\Default2D.shader" />
    <None Include="src\Shaders\Default3D.shader" />
    <None Include="src\Shaders\DepthBuffer.shader" />
    <None Include="src\Shaders\Font.shader" />
    <None Include="src\Shaders\Instancing3D.shader" />
    <None Include="src\Shaders\Line.shader" />
    <None Include="src\Shaders\LineSimple.shader" />
    <None Include="src\Shaders\SkyBox.shader" />
    <None Include="src\Shaders\Tron.shader" />
  </ItemGroup>
</Project>