
Microsoft Visual Studio Solution File, Format Version 12.00
# Visual Studio 15
VisualStudioVersion = 15.0.28307.572
MinimumVisualStudioVersion = 10.0.40219.1
Project("{8BC9CEB8-8B4A-11D0-8D11-00A0C91BC942}") = "Doom", "Doom\Doom.vcxproj", "{3440847C-2077-850D-C963-6B10B579010F}"
EndProject
Project("{8BC9CEB8-8B4A-11D0-8D11-00A0C91BC942}") = "ImGui", "vendor\ImGui\ImGui.vcxproj", "{C0FF640D-2C14-8DBE-F595-301E616989EF}"
EndProject
Project("{8BC9CEB8-8B4A-11D0-8D11-00A0C91BC942}") = "SandBox", "SandBox\SandBox.vcxproj", "{D43924E3-4019-A37E-4931-2E55B58F09E0}"
EndProject
Project("{8BC9CEB8-8B4A-11D0-8D11-00A0C91BC942}") = "OpenAl", "vendor\OpenAl\OpenAl.vcxproj", "{CA8183C9-F56D-4F35-AC20-B77FF6E17823}"
EndProject
Global
	GlobalSection(SolutionConfigurationPlatforms) = preSolution
		Debug|x64 = Debug|x64
		Debug|x86 = Debug|x86
		Release|x64 = Release|x64
		Release|x86 = Release|x86
	EndGlobalSection
	GlobalSection(ProjectConfigurationPlatforms) = postSolution
		{3440847C-2077-850D-C963-6B10B579010F}.Debug|x64.ActiveCfg = Debug|x64
		{3440847C-2077-850D-C963-6B10B579010F}.Debug|x64.Build.0 = Debug|x64
		{3440847C-2077-850D-C963-6B10B579010F}.Debug|x86.ActiveCfg = Debug|x64
		{3440847C-2077-850D-C963-6B10B579010F}.Release|x64.ActiveCfg = Release|x64
		{3440847C-2077-850D-C963-6B10B579010F}.Release|x64.Build.0 = Release|x64
		{3440847C-2077-850D-C963-6B10B579010F}.Release|x86.ActiveCfg = Release|x64
		{C0FF640D-2C14-8DBE-F595-301E616989EF}.Debug|x64.ActiveCfg = Debug|x64
		{C0FF640D-2C14-8DBE-F595-301E616989EF}.Debug|x64.Build.0 = Debug|x64
		{C0FF640D-2C14-8DBE-F595-301E616989EF}.Debug|x86.ActiveCfg = Debug|x64
		{C0FF640D-2C14-8DBE-F595-301E616989EF}.Release|x64.ActiveCfg = Release|x64
		{C0FF640D-2C14-8DBE-F595-301E616989EF}.Release|x64.Build.0 = Release|x64
		{C0FF640D-2C14-8DBE-F595-301E616989EF}.Release|x86.ActiveCfg = Release|x64
		{D43924E3-4019-A37E-4931-2E55B58F09E0}.Debug|x64.ActiveCfg = Debug|x64
		{D43924E3-4019-A37E-4931-2E55B58F09E0}.Debug|x64.Build.0 = Debug|x64
		{D43924E3-4019-A37E-4931-2E55B58F09E0}.Debug|x86.ActiveCfg = Debug|x64
		{D43924E3-4019-A37E-4931-2E55B58F09E0}.Release|x64.ActiveCfg = Release|x64
		{D43924E3-4019-A37E-4931-2E55B58F09E0}.Release|x64.Build.0 = Release|x64
		{D43924E3-4019-A37E-4931-2E55B58F09E0}.Release|x86.ActiveCfg = Release|x64
		{CA8183C9-F56D-4F35-AC20-B77FF6E17823}.Debug|x64.ActiveCfg = Debug|x64
		{CA8183C9-F56D-4F35-AC20-B77FF6E17823}.Debug|x64.Build.0 = Debug|x64
		{CA8183C9-F56D-4F35-AC20-B77FF6E17823}.Debug|x86.ActiveCfg = Debug|Win32
		{CA8183C9-F56D-4F35-AC20-B77FF6E17823}.Debug|x86.Build.0 = Debug|Win32
		{CA8183C9-F56D-4F35-AC20-B77FF6E17823}.Release|x64.ActiveCfg = Release|x64
		{CA8183C9-F56D-4F35-AC20-B77FF6E17823}.Release|x64.Build.0 = Release|x64
		{CA8183C9-F56D-4F35-AC20-B77FF6E17823}.Release|x86.ActiveCfg = Release|Win32
		{CA8183C9-F56D-4F35-AC20-B77FF6E17823}.Release|x86.Build.0 = Release|Win32
	EndGlobalSection
	GlobalSection(SolutionProperties) = preSolution
		HideSolutionNode = FALSE
	EndGlobalSection
	GlobalSection(ExtensibilityGlobals) = postSolution
		SolutionGuid = {37DB4931-D59C-4313-B015-4272A17C5366}
	EndGlobalSection
EndGlobal
