<?xml version="1.0" encoding="utf-8"?>
<Project ToolsVersion="4.0" xmlns="http://schemas.microsoft.com/developer/msbuild/2003">
  <ItemGroup>
    <Filter Include="Audio">
      <UniqueIdentifier>{9718D90C-032D-01BE-CCAE-A41D3882FDEE}</UniqueIdentifier>
    </Filter>
    <Filter Include="Components">
      <UniqueIdentifier>{6B7DD516-5735-1764-C03C-F0BFAC13B254}</UniqueIdentifier>
    </Filter>
    <Filter Include="Core">
      <UniqueIdentifier>{2EB4837C-1AEB-840D-C3D7-6A10AFED000F}</UniqueIdentifier>
    </Filter>
    <Filter Include="ECS">
      <UniqueIdentifier>{60E1870B-CCEA-877C-5566-9E7CC16E937C}</UniqueIdentifier>
    </Filter>
    <Filter Include="Enums">
      <UniqueIdentifier>{CDEC1D0D-3901-46BE-0283-E91D6E5642EF}</UniqueIdentifier>
    </Filter>
    <Filter Include="FbxLoader">
      <UniqueIdentifier>{DC00FB0B-486B-AF82-91A9-6028FD528DD7}</UniqueIdentifier>
    </Filter>
    <Filter Include="FileDialogs">
      <UniqueIdentifier>{68BC0FD4-D471-88C9-5D66-82A0C91A7FCD}</UniqueIdentifier>
    </Filter>
    <Filter Include="ImGuizmo">
      <UniqueIdentifier>{36FD234F-22CA-7E5A-4BE3-6C02370FB4E8}</UniqueIdentifier>
    </Filter>
    <Filter Include="Input">
      <UniqueIdentifier>{953A660D-014F-8EBE-CAD0-311E36A48AEF}</UniqueIdentifier>
    </Filter>
    <Filter Include="Lua">
      <UniqueIdentifier>{A705880B-130F-887C-9C8A-9E7C0893937C}</UniqueIdentifier>
    </Filter>
    <Filter Include="Objects">
      <UniqueIdentifier>{CF2649B1-3B06-C84C-441E-5323B07C2EAE}</UniqueIdentifier>
    </Filter>
    <Filter Include="OpenGl">
      <UniqueIdentifier>{AA864AC8-9628-759E-7FE3-88F26B24FCEE}</UniqueIdentifier>
    </Filter>
    <Filter Include="Rays">
      <UniqueIdentifier>{44B38B7C-30EA-8C0D-D9D6-7210C5EC080F}</UniqueIdentifier>
    </Filter>
    <Filter Include="Render">
      <UniqueIdentifier>{C5BB87CE-B15D-B2A4-9A18-C6F8865939F5}</UniqueIdentifier>
    </Filter>
    <Filter Include="STLloader">
      <UniqueIdentifier>{8FBC551A-FB26-0A91-4465-BB36B00EE8E5}</UniqueIdentifier>
    </Filter>
    <Filter Include="Text">
      <UniqueIdentifier>{EADC8C7C-D613-8E0D-7F00-74106B160A0F}</UniqueIdentifier>
    </Filter>
    <Filter Include="yaml-cpp">
      <UniqueIdentifier>{88F1A057-74BE-FB62-9DD7-E90A890331F1}</UniqueIdentifier>
    </Filter>
    <Filter Include="yaml-cpp\contrib">
      <UniqueIdentifier>{8841EE2F-743A-0D82-9D6C-F20689C4EC8D}</UniqueIdentifier>
    </Filter>
    <Filter Include="yaml-cpp\node">
      <UniqueIdentifier>{5DDDAD87-C99D-29BE-92D8-723BFE576E9A}</UniqueIdentifier>
    </Filter>
    <Filter Include="yaml-cpp\node\detail">
      <UniqueIdentifier>{7F8A573E-6B19-E107-1438-F50200A6F1AD}</UniqueIdentifier>
    </Filter>
    <Filter Include="yaml-cpp\src">
      <UniqueIdentifier>{9F336A3A-8B96-F9DE-341C-3295205EC561}</UniqueIdentifier>
    </Filter>
    <Filter Include="yaml-cpp\src\contrib">
      <UniqueIdentifier>{9FAA0758-8B39-9121-3458-A51C20C6A1C7}</UniqueIdentifier>
    </Filter>
  </ItemGroup>
  <ItemGroup>
    <ClInclude Include="src\Doom\Application.h" />
    <ClInclude Include="src\Doom\Audio\Sound.h">
      <Filter>Audio</Filter>
    </ClInclude>
    <ClInclude Include="src\Doom\Audio\SoundManager.h">
      <Filter>Audio</Filter>
    </ClInclude>
    <ClInclude Include="src\Doom\Audio\vorbis.h">
      <Filter>Audio</Filter>
    </ClInclude>
    <ClInclude Include="src\Doom\Audio\wavParser.h">
      <Filter>Audio</Filter>
    </ClInclude>
    <ClInclude Include="src\Doom\Components\Animator.h">
      <Filter>Components</Filter>
    </ClInclude>
    <ClInclude Include="src\Doom\Components\CubeCollider.h">
      <Filter>Components</Filter>
    </ClInclude>
    <ClInclude Include="src\Doom\Components\DirectionalLight.h">
      <Filter>Components</Filter>
    </ClInclude>
    <ClInclude Include="src\Doom\Components\IRenderer.h">
      <Filter>Components</Filter>
    </ClInclude>
    <ClInclude Include="src\Doom\Components\PointLight.h">
      <Filter>Components</Filter>
    </ClInclude>
    <ClInclude Include="src\Doom\Components\RectangleCollider2D.h">
      <Filter>Components</Filter>
    </ClInclude>
    <ClInclude Include="src\Doom\Components\Render3D.h">
      <Filter>Components</Filter>
    </ClInclude>
    <ClInclude Include="src\Doom\Components\ScriptComponent.h">
      <Filter>Components</Filter>
    </ClInclude>
    <ClInclude Include="src\Doom\Components\SphereCollider.h">
      <Filter>Components</Filter>
    </ClInclude>
    <ClInclude Include="src\Doom\Components\SpriteRenderer.h">
      <Filter>Components</Filter>
    </ClInclude>
    <ClInclude Include="src\Doom\Components\Transform.h">
      <Filter>Components</Filter>
    </ClInclude>
    <ClInclude Include="src\Doom\Core\Core.h">
      <Filter>Core</Filter>
    </ClInclude>
    <ClInclude Include="src\Doom\Core\DeltaTime.h">
      <Filter>Core</Filter>
    </ClInclude>
    <ClInclude Include="src\Doom\Core\Editor.h">
      <Filter>Core</Filter>
    </ClInclude>
    <ClInclude Include="src\Doom\Core\Event.h">
      <Filter>Core</Filter>
    </ClInclude>
    <ClInclude Include="src\Doom\Core\EventSystem.h">
      <Filter>Core</Filter>
    </ClInclude>
    <ClInclude Include="src\Doom\Core\Listener.h">
      <Filter>Core</Filter>
    </ClInclude>
    <ClInclude Include="src\Doom\Core\SceneSerializer.h">
      <Filter>Core</Filter>
    </ClInclude>
    <ClInclude Include="src\Doom\Core\ThreadPool.h">
      <Filter>Core</Filter>
    </ClInclude>
    <ClInclude Include="src\Doom\Core\Timer.h">
      <Filter>Core</Filter>
    </ClInclude>
    <ClInclude Include="src\Doom\Core\Utils.h">
      <Filter>Core</Filter>
    </ClInclude>
    <ClInclude Include="src\Doom\Core\ViewPort.h">
      <Filter>Core</Filter>
    </ClInclude>
    <ClInclude Include="src\Doom\Core\Window.h">
      <Filter>Core</Filter>
    </ClInclude>
    <ClInclude Include="src\Doom\Core\World.h">
      <Filter>Core</Filter>
    </ClInclude>
    <ClInclude Include="src\Doom\ECS\Component.h">
      <Filter>ECS</Filter>
    </ClInclude>
    <ClInclude Include="src\Doom\ECS\ComponentManager.h">
      <Filter>ECS</Filter>
    </ClInclude>
    <ClInclude Include="src\Doom\EntryPoint.h" />
    <ClInclude Include="src\Doom\Enums\ColoredOutput.h">
      <Filter>Enums</Filter>
    </ClInclude>
    <ClInclude Include="src\Doom\Enums\ColorsRGBA.h">
      <Filter>Enums</Filter>
    </ClInclude>
    <ClInclude Include="src\Doom\Enums\KeyCode.h">
      <Filter>Enums</Filter>
    </ClInclude>
    <ClInclude Include="src\Doom\FbxLoader\fbxdocument.h">
      <Filter>FbxLoader</Filter>
    </ClInclude>
    <ClInclude Include="src\Doom\FbxLoader\fbxnode.h">
      <Filter>FbxLoader</Filter>
    </ClInclude>
    <ClInclude Include="src\Doom\FbxLoader\fbxproperty.h">
      <Filter>FbxLoader</Filter>
    </ClInclude>
    <ClInclude Include="src\Doom\FbxLoader\fbxutil.h">
      <Filter>FbxLoader</Filter>
    </ClInclude>
    <ClInclude Include="src\Doom\FileDialogs\FileDialogs.h">
      <Filter>FileDialogs</Filter>
    </ClInclude>
    <ClInclude Include="src\Doom\Input\Input.h">
      <Filter>Input</Filter>
    </ClInclude>
    <ClInclude Include="src\Doom\Input\WindowsInput.h">
      <Filter>Input</Filter>
    </ClInclude>
    <ClInclude Include="src\Doom\Lua\LuaState.h">
      <Filter>Lua</Filter>
    </ClInclude>
    <ClInclude Include="src\Doom\Objects\Camera.h">
      <Filter>Objects</Filter>
    </ClInclude>
    <ClInclude Include="src\Doom\Objects\GameObject.h">
      <Filter>Objects</Filter>
    </ClInclude>
    <ClInclude Include="src\Doom\Objects\GridLayOut.h">
      <Filter>Objects</Filter>
    </ClInclude>
    <ClInclude Include="src\Doom\Objects\Line.h">
      <Filter>Objects</Filter>
    </ClInclude>
    <ClInclude Include="src\Doom\Objects\SkyBox.h">
      <Filter>Objects</Filter>
    </ClInclude>
    <ClInclude Include="src\Doom\OpenGl\FrameBuffer.h">
      <Filter>OpenGl</Filter>
    </ClInclude>
    <ClInclude Include="src\Doom\OpenGl\IndexBuffer.h">
      <Filter>OpenGl</Filter>
    </ClInclude>
    <ClInclude Include="src\Doom\OpenGl\Shader.h">
      <Filter>OpenGl</Filter>
    </ClInclude>
    <ClInclude Include="src\Doom\OpenGl\Texture.h">
      <Filter>OpenGl</Filter>
    </ClInclude>
    <ClInclude Include="src\Doom\OpenGl\VertexArray.h">
      <Filter>OpenGl</Filter>
    </ClInclude>
    <ClInclude Include="src\Doom\OpenGl\VertexBuffer.h">
      <Filter>OpenGl</Filter>
    </ClInclude>
    <ClInclude Include="src\Doom\OpenGl\VertexBufferLayout.h">
      <Filter>OpenGl</Filter>
    </ClInclude>
    <ClInclude Include="src\Doom\OpenGl\stb_image.h">
      <Filter>OpenGl</Filter>
    </ClInclude>
    <ClInclude Include="src\Doom\Rays\Ray2D.h">
      <Filter>Rays</Filter>
    </ClInclude>
    <ClInclude Include="src\Doom\Rays\Ray3D.h">
      <Filter>Rays</Filter>
    </ClInclude>
    <ClInclude Include="src\Doom\Render\Batch.h">
      <Filter>Render</Filter>
    </ClInclude>
    <ClInclude Include="src\Doom\Render\Instancing.h">
      <Filter>Render</Filter>
    </ClInclude>
    <ClInclude Include="src\Doom\Render\Mesh.h">
      <Filter>Render</Filter>
    </ClInclude>
    <ClInclude Include="src\Doom\Render\MeshManager.h">
      <Filter>Render</Filter>
    </ClInclude>
    <ClInclude Include="src\Doom\Render\Renderer.h">
      <Filter>Render</Filter>
    </ClInclude>
    <ClInclude Include="src\Doom\Render\TextureAtlas.h">
      <Filter>Render</Filter>
    </ClInclude>
    <ClInclude Include="src\Doom\Render\TileMap.h">
      <Filter>Render</Filter>
    </ClInclude>
    <ClInclude Include="src\Doom\STLloader\STLloader.h">
      <Filter>STLloader</Filter>
    </ClInclude>
    <ClInclude Include="src\Doom\Text\Character.h">
      <Filter>Text</Filter>
    </ClInclude>
    <ClInclude Include="src\Doom\Text\Gui.h">
      <Filter>Text</Filter>
    </ClInclude>
    <ClInclude Include="src\Doom\pch.h" />
    <ClInclude Include="src\Doom\yaml-cpp\anchor.h">
      <Filter>yaml-cpp</Filter>
    </ClInclude>
    <ClInclude Include="src\Doom\yaml-cpp\binary.h">
      <Filter>yaml-cpp</Filter>
    </ClInclude>
    <ClInclude Include="src\Doom\yaml-cpp\contrib\anchordict.h">
      <Filter>yaml-cpp\contrib</Filter>
    </ClInclude>
    <ClInclude Include="src\Doom\yaml-cpp\contrib\graphbuilder.h">
      <Filter>yaml-cpp\contrib</Filter>
    </ClInclude>
    <ClInclude Include="src\Doom\yaml-cpp\depthguard.h">
      <Filter>yaml-cpp</Filter>
    </ClInclude>
    <ClInclude Include="src\Doom\yaml-cpp\dll.h">
      <Filter>yaml-cpp</Filter>
    </ClInclude>
    <ClInclude Include="src\Doom\yaml-cpp\emitfromevents.h">
      <Filter>yaml-cpp</Filter>
    </ClInclude>
    <ClInclude Include="src\Doom\yaml-cpp\emitter.h">
      <Filter>yaml-cpp</Filter>
    </ClInclude>
    <ClInclude Include="src\Doom\yaml-cpp\emitterdef.h">
      <Filter>yaml-cpp</Filter>
    </ClInclude>
    <ClInclude Include="src\Doom\yaml-cpp\emittermanip.h">
      <Filter>yaml-cpp</Filter>
    </ClInclude>
    <ClInclude Include="src\Doom\yaml-cpp\emitterstyle.h">
      <Filter>yaml-cpp</Filter>
    </ClInclude>
    <ClInclude Include="src\Doom\yaml-cpp\eventhandler.h">
      <Filter>yaml-cpp</Filter>
    </ClInclude>
    <ClInclude Include="src\Doom\yaml-cpp\exceptions.h">
      <Filter>yaml-cpp</Filter>
    </ClInclude>
    <ClInclude Include="src\Doom\yaml-cpp\mark.h">
      <Filter>yaml-cpp</Filter>
    </ClInclude>
    <ClInclude Include="src\Doom\yaml-cpp\node\convert.h">
      <Filter>yaml-cpp\node</Filter>
    </ClInclude>
    <ClInclude Include="src\Doom\yaml-cpp\node\detail\impl.h">
      <Filter>yaml-cpp\node\detail</Filter>
    </ClInclude>
    <ClInclude Include="src\Doom\yaml-cpp\node\detail\iterator.h">
      <Filter>yaml-cpp\node\detail</Filter>
    </ClInclude>
    <ClInclude Include="src\Doom\yaml-cpp\node\detail\iterator_fwd.h">
      <Filter>yaml-cpp\node\detail</Filter>
    </ClInclude>
    <ClInclude Include="src\Doom\yaml-cpp\node\detail\memory.h">
      <Filter>yaml-cpp\node\detail</Filter>
    </ClInclude>
    <ClInclude Include="src\Doom\yaml-cpp\node\detail\node.h">
      <Filter>yaml-cpp\node\detail</Filter>
    </ClInclude>
    <ClInclude Include="src\Doom\yaml-cpp\node\detail\node_data.h">
      <Filter>yaml-cpp\node\detail</Filter>
    </ClInclude>
    <ClInclude Include="src\Doom\yaml-cpp\node\detail\node_iterator.h">
      <Filter>yaml-cpp\node\detail</Filter>
    </ClInclude>
    <ClInclude Include="src\Doom\yaml-cpp\node\detail\node_ref.h">
      <Filter>yaml-cpp\node\detail</Filter>
    </ClInclude>
    <ClInclude Include="src\Doom\yaml-cpp\node\emit.h">
      <Filter>yaml-cpp\node</Filter>
    </ClInclude>
    <ClInclude Include="src\Doom\yaml-cpp\node\impl.h">
      <Filter>yaml-cpp\node</Filter>
    </ClInclude>
    <ClInclude Include="src\Doom\yaml-cpp\node\iterator.h">
      <Filter>yaml-cpp\node</Filter>
    </ClInclude>
    <ClInclude Include="src\Doom\yaml-cpp\node\node.h">
      <Filter>yaml-cpp\node</Filter>
    </ClInclude>
    <ClInclude Include="src\Doom\yaml-cpp\node\parse.h">
      <Filter>yaml-cpp\node</Filter>
    </ClInclude>
    <ClInclude Include="src\Doom\yaml-cpp\node\ptr.h">
      <Filter>yaml-cpp\node</Filter>
    </ClInclude>
    <ClInclude Include="src\Doom\yaml-cpp\node\type.h">
      <Filter>yaml-cpp\node</Filter>
    </ClInclude>
    <ClInclude Include="src\Doom\yaml-cpp\noexcept.h">
      <Filter>yaml-cpp</Filter>
    </ClInclude>
    <ClInclude Include="src\Doom\yaml-cpp\null.h">
      <Filter>yaml-cpp</Filter>
    </ClInclude>
    <ClInclude Include="src\Doom\yaml-cpp\ostream_wrapper.h">
      <Filter>yaml-cpp</Filter>
    </ClInclude>
    <ClInclude Include="src\Doom\yaml-cpp\parser.h">
      <Filter>yaml-cpp</Filter>
    </ClInclude>
    <ClInclude Include="src\Doom\yaml-cpp\src\collectionstack.h">
      <Filter>yaml-cpp\src</Filter>
    </ClInclude>
    <ClInclude Include="src\Doom\yaml-cpp\src\contrib\graphbuilderadapter.h">
      <Filter>yaml-cpp\src\contrib</Filter>
    </ClInclude>
    <ClInclude Include="src\Doom\yaml-cpp\src\directives.h">
      <Filter>yaml-cpp\src</Filter>
    </ClInclude>
    <ClInclude Include="src\Doom\yaml-cpp\src\emitterstate.h">
      <Filter>yaml-cpp\src</Filter>
    </ClInclude>
    <ClInclude Include="src\Doom\yaml-cpp\src\emitterutils.h">
      <Filter>yaml-cpp\src</Filter>
    </ClInclude>
    <ClInclude Include="src\Doom\yaml-cpp\src\exp.h">
      <Filter>yaml-cpp\src</Filter>
    </ClInclude>
    <ClInclude Include="src\Doom\yaml-cpp\src\indentation.h">
      <Filter>yaml-cpp\src</Filter>
    </ClInclude>
    <ClInclude Include="src\Doom\yaml-cpp\src\nodebuilder.h">
      <Filter>yaml-cpp\src</Filter>
    </ClInclude>
    <ClInclude Include="src\Doom\yaml-cpp\src\nodeevents.h">
      <Filter>yaml-cpp\src</Filter>
    </ClInclude>
    <ClInclude Include="src\Doom\yaml-cpp\src\ptr_vector.h">
      <Filter>yaml-cpp\src</Filter>
    </ClInclude>
    <ClInclude Include="src\Doom\yaml-cpp\src\regex_yaml.h">
      <Filter>yaml-cpp\src</Filter>
    </ClInclude>
    <ClInclude Include="src\Doom\yaml-cpp\src\regeximpl.h">
      <Filter>yaml-cpp\src</Filter>
    </ClInclude>
    <ClInclude Include="src\Doom\yaml-cpp\src\scanner.h">
      <Filter>yaml-cpp\src</Filter>
    </ClInclude>
    <ClInclude Include="src\Doom\yaml-cpp\src\scanscalar.h">
      <Filter>yaml-cpp\src</Filter>
    </ClInclude>
    <ClInclude Include="src\Doom\yaml-cpp\src\scantag.h">
      <Filter>yaml-cpp\src</Filter>
    </ClInclude>
    <ClInclude Include="src\Doom\yaml-cpp\src\setting.h">
      <Filter>yaml-cpp\src</Filter>
    </ClInclude>
    <ClInclude Include="src\Doom\yaml-cpp\src\singledocparser.h">
      <Filter>yaml-cpp\src</Filter>
    </ClInclude>
    <ClInclude Include="src\Doom\yaml-cpp\src\stream.h">
      <Filter>yaml-cpp\src</Filter>
    </ClInclude>
    <ClInclude Include="src\Doom\yaml-cpp\src\streamcharsource.h">
      <Filter>yaml-cpp\src</Filter>
    </ClInclude>
    <ClInclude Include="src\Doom\yaml-cpp\src\stringsource.h">
      <Filter>yaml-cpp\src</Filter>
    </ClInclude>
    <ClInclude Include="src\Doom\yaml-cpp\src\tag.h">
      <Filter>yaml-cpp\src</Filter>
    </ClInclude>
    <ClInclude Include="src\Doom\yaml-cpp\src\token.h">
      <Filter>yaml-cpp\src</Filter>
    </ClInclude>
    <ClInclude Include="src\Doom\yaml-cpp\stlemitter.h">
      <Filter>yaml-cpp</Filter>
    </ClInclude>
    <ClInclude Include="src\Doom\yaml-cpp\traits.h">
      <Filter>yaml-cpp</Filter>
    </ClInclude>
    <ClInclude Include="src\Doom\yaml-cpp\yaml.h">
      <Filter>yaml-cpp</Filter>
    </ClInclude>
    <ClInclude Include="src\Doom\Objects\ParticleSystem.h" />
    <ClInclude Include="src\Doom\ImGuizmo\ImGuizmo.h" />
    <ClInclude Include="src\Doom\Lua\LuaVec3.h" />
    <ClInclude Include="src\Doom\ParticleSystem\ParticleEmitter.h" />
  </ItemGroup>
  <ItemGroup>
    <ClCompile Include="src\Doom\Application.cpp" />
    <ClCompile Include="src\Doom\Audio\Sound.cpp">
      <Filter>Audio</Filter>
    </ClCompile>
    <ClCompile Include="src\Doom\Audio\SoundManager.cpp">
      <Filter>Audio</Filter>
    </ClCompile>
    <ClCompile Include="src\Doom\Components\Animator.cpp">
      <Filter>Components</Filter>
    </ClCompile>
    <ClCompile Include="src\Doom\Components\CubeCollider.cpp">
      <Filter>Components</Filter>
    </ClCompile>
    <ClCompile Include="src\Doom\Components\DirectionalLight.cpp">
      <Filter>Components</Filter>
    </ClCompile>
    <ClCompile Include="src\Doom\Components\PointLight.cpp">
      <Filter>Components</Filter>
    </ClCompile>
    <ClCompile Include="src\Doom\Components\RectangleCollider2D.cpp">
      <Filter>Components</Filter>
    </ClCompile>
    <ClCompile Include="src\Doom\Components\Render3D.cpp">
      <Filter>Components</Filter>
    </ClCompile>
    <ClCompile Include="src\Doom\Components\ScriptComponent.cpp">
      <Filter>Components</Filter>
    </ClCompile>
    <ClCompile Include="src\Doom\Components\SphereCollider.cpp">
      <Filter>Components</Filter>
    </ClCompile>
    <ClCompile Include="src\Doom\Components\SpriteRenderer.cpp">
      <Filter>Components</Filter>
    </ClCompile>
    <ClCompile Include="src\Doom\Components\Transform.cpp">
      <Filter>Components</Filter>
    </ClCompile>
    <ClCompile Include="src\Doom\Core\Editor.cpp">
      <Filter>Core</Filter>
    </ClCompile>
    <ClCompile Include="src\Doom\Core\EventSystem.cpp">
      <Filter>Core</Filter>
    </ClCompile>
    <ClCompile Include="src\Doom\Core\Listener.cpp">
      <Filter>Core</Filter>
    </ClCompile>
    <ClCompile Include="src\Doom\Core\SceneSerializer.cpp">
      <Filter>Core</Filter>
    </ClCompile>
    <ClCompile Include="src\Doom\Core\ThreadPool.cpp">
      <Filter>Core</Filter>
    </ClCompile>
    <ClCompile Include="src\Doom\Core\ViewPort.cpp">
      <Filter>Core</Filter>
    </ClCompile>
    <ClCompile Include="src\Doom\Core\World.cpp">
      <Filter>Core</Filter>
    </ClCompile>
    <ClCompile Include="src\Doom\Doom.cpp" />
    <ClCompile Include="src\Doom\ECS\Component.cpp">
      <Filter>ECS</Filter>
    </ClCompile>
    <ClCompile Include="src\Doom\EntryPoint.cpp" />
    <ClCompile Include="src\Doom\FbxLoader\fbxdocument.cpp">
      <Filter>FbxLoader</Filter>
    </ClCompile>
    <ClCompile Include="src\Doom\FbxLoader\fbxdump.cpp">
      <Filter>FbxLoader</Filter>
    </ClCompile>
    <ClCompile Include="src\Doom\FbxLoader\fbxnode.cpp">
      <Filter>FbxLoader</Filter>
    </ClCompile>
    <ClCompile Include="src\Doom\FbxLoader\fbxproperty.cpp">
      <Filter>FbxLoader</Filter>
    </ClCompile>
    <ClCompile Include="src\Doom\FbxLoader\fbxutil.cpp">
      <Filter>FbxLoader</Filter>
    </ClCompile>
    <ClCompile Include="src\Doom\FileDialogs\FileDialogs.cpp">
      <Filter>FileDialogs</Filter>
    </ClCompile>
    <ClCompile Include="src\Doom\Input\WindowsInput.cpp">
      <Filter>Input</Filter>
    </ClCompile>
    <ClCompile Include="src\Doom\Lua\LuaState.cpp">
      <Filter>Lua</Filter>
    </ClCompile>
    <ClCompile Include="src\Doom\Objects\Camera.cpp">
      <Filter>Objects</Filter>
    </ClCompile>
    <ClCompile Include="src\Doom\Objects\GameObject.cpp">
      <Filter>Objects</Filter>
    </ClCompile>
    <ClCompile Include="src\Doom\Objects\Line.cpp">
      <Filter>Objects</Filter>
    </ClCompile>
    <ClCompile Include="src\Doom\Objects\SkyBox.cpp">
      <Filter>Objects</Filter>
    </ClCompile>
    <ClCompile Include="src\Doom\OpenGl\FrameBuffer.cpp">
      <Filter>OpenGl</Filter>
    </ClCompile>
    <ClCompile Include="src\Doom\OpenGl\IndexBuffer.cpp">
      <Filter>OpenGl</Filter>
    </ClCompile>
    <ClCompile Include="src\Doom\OpenGl\Shader.cpp">
      <Filter>OpenGl</Filter>
    </ClCompile>
    <ClCompile Include="src\Doom\OpenGl\Texture.cpp">
      <Filter>OpenGl</Filter>
    </ClCompile>
    <ClCompile Include="src\Doom\OpenGl\VertexArray.cpp">
      <Filter>OpenGl</Filter>
    </ClCompile>
    <ClCompile Include="src\Doom\OpenGl\VertexBuffer.cpp">
      <Filter>OpenGl</Filter>
    </ClCompile>
    <ClCompile Include="src\Doom\OpenGl\stb_image.cpp">
      <Filter>OpenGl</Filter>
    </ClCompile>
    <ClCompile Include="src\Doom\Rays\Ray2D.cpp">
      <Filter>Rays</Filter>
    </ClCompile>
    <ClCompile Include="src\Doom\Rays\Ray3D.cpp">
      <Filter>Rays</Filter>
    </ClCompile>
    <ClCompile Include="src\Doom\Render\Batch.cpp">
      <Filter>Render</Filter>
    </ClCompile>
    <ClCompile Include="src\Doom\Render\Instancing.cpp">
      <Filter>Render</Filter>
    </ClCompile>
    <ClCompile Include="src\Doom\Render\Mesh.cpp">
      <Filter>Render</Filter>
    </ClCompile>
    <ClCompile Include="src\Doom\Render\MeshManager.cpp">
      <Filter>Render</Filter>
    </ClCompile>
    <ClCompile Include="src\Doom\Render\Renderer.cpp">
      <Filter>Render</Filter>
    </ClCompile>
    <ClCompile Include="src\Doom\Render\TextureAtlas.cpp">
      <Filter>Render</Filter>
    </ClCompile>
    <ClCompile Include="src\Doom\Render\TileMap.cpp">
      <Filter>Render</Filter>
    </ClCompile>
    <ClCompile Include="src\Doom\STLloader\STLloader.cpp">
      <Filter>STLloader</Filter>
    </ClCompile>
    <ClCompile Include="src\Doom\Text\Character.cpp">
      <Filter>Text</Filter>
    </ClCompile>
    <ClCompile Include="src\Doom\Text\Gui.cpp">
      <Filter>Text</Filter>
    </ClCompile>
    <ClCompile Include="src\Doom\pch.cpp" />
    <ClCompile Include="src\Doom\yaml-cpp\src\binary.cpp">
      <Filter>yaml-cpp\src</Filter>
    </ClCompile>
    <ClCompile Include="src\Doom\yaml-cpp\src\contrib\graphbuilder.cpp">
      <Filter>yaml-cpp\src\contrib</Filter>
    </ClCompile>
    <ClCompile Include="src\Doom\yaml-cpp\src\contrib\graphbuilderadapter.cpp">
      <Filter>yaml-cpp\src\contrib</Filter>
    </ClCompile>
    <ClCompile Include="src\Doom\yaml-cpp\src\convert.cpp">
      <Filter>yaml-cpp\src</Filter>
    </ClCompile>
    <ClCompile Include="src\Doom\yaml-cpp\src\depthguard.cpp">
      <Filter>yaml-cpp\src</Filter>
    </ClCompile>
    <ClCompile Include="src\Doom\yaml-cpp\src\directives.cpp">
      <Filter>yaml-cpp\src</Filter>
    </ClCompile>
    <ClCompile Include="src\Doom\yaml-cpp\src\emit.cpp">
      <Filter>yaml-cpp\src</Filter>
    </ClCompile>
    <ClCompile Include="src\Doom\yaml-cpp\src\emitfromevents.cpp">
      <Filter>yaml-cpp\src</Filter>
    </ClCompile>
    <ClCompile Include="src\Doom\yaml-cpp\src\emitter.cpp">
      <Filter>yaml-cpp\src</Filter>
    </ClCompile>
    <ClCompile Include="src\Doom\yaml-cpp\src\emitterstate.cpp">
      <Filter>yaml-cpp\src</Filter>
    </ClCompile>
    <ClCompile Include="src\Doom\yaml-cpp\src\emitterutils.cpp">
      <Filter>yaml-cpp\src</Filter>
    </ClCompile>
    <ClCompile Include="src\Doom\yaml-cpp\src\exceptions.cpp">
      <Filter>yaml-cpp\src</Filter>
    </ClCompile>
    <ClCompile Include="src\Doom\yaml-cpp\src\exp.cpp">
      <Filter>yaml-cpp\src</Filter>
    </ClCompile>
    <ClCompile Include="src\Doom\yaml-cpp\src\memory.cpp">
      <Filter>yaml-cpp\src</Filter>
    </ClCompile>
    <ClCompile Include="src\Doom\yaml-cpp\src\node.cpp">
      <Filter>yaml-cpp\src</Filter>
    </ClCompile>
    <ClCompile Include="src\Doom\yaml-cpp\src\node_data.cpp">
      <Filter>yaml-cpp\src</Filter>
    </ClCompile>
    <ClCompile Include="src\Doom\yaml-cpp\src\nodebuilder.cpp">
      <Filter>yaml-cpp\src</Filter>
    </ClCompile>
    <ClCompile Include="src\Doom\yaml-cpp\src\nodeevents.cpp">
      <Filter>yaml-cpp\src</Filter>
    </ClCompile>
    <ClCompile Include="src\Doom\yaml-cpp\src\null.cpp">
      <Filter>yaml-cpp\src</Filter>
    </ClCompile>
    <ClCompile Include="src\Doom\yaml-cpp\src\ostream_wrapper.cpp">
      <Filter>yaml-cpp\src</Filter>
    </ClCompile>
    <ClCompile Include="src\Doom\yaml-cpp\src\parse.cpp">
      <Filter>yaml-cpp\src</Filter>
    </ClCompile>
    <ClCompile Include="src\Doom\yaml-cpp\src\parser.cpp">
      <Filter>yaml-cpp\src</Filter>
    </ClCompile>
    <ClCompile Include="src\Doom\yaml-cpp\src\regex_yaml.cpp">
      <Filter>yaml-cpp\src</Filter>
    </ClCompile>
    <ClCompile Include="src\Doom\yaml-cpp\src\scanner.cpp">
      <Filter>yaml-cpp\src</Filter>
    </ClCompile>
    <ClCompile Include="src\Doom\yaml-cpp\src\scanscalar.cpp">
      <Filter>yaml-cpp\src</Filter>
    </ClCompile>
    <ClCompile Include="src\Doom\yaml-cpp\src\scantag.cpp">
      <Filter>yaml-cpp\src</Filter>
    </ClCompile>
    <ClCompile Include="src\Doom\yaml-cpp\src\scantoken.cpp">
      <Filter>yaml-cpp\src</Filter>
    </ClCompile>
    <ClCompile Include="src\Doom\yaml-cpp\src\simplekey.cpp">
      <Filter>yaml-cpp\src</Filter>
    </ClCompile>
    <ClCompile Include="src\Doom\yaml-cpp\src\singledocparser.cpp">
      <Filter>yaml-cpp\src</Filter>
    </ClCompile>
    <ClCompile Include="src\Doom\yaml-cpp\src\stream.cpp">
      <Filter>yaml-cpp\src</Filter>
    </ClCompile>
    <ClCompile Include="src\Doom\yaml-cpp\src\tag.cpp">
      <Filter>yaml-cpp\src</Filter>
    </ClCompile>
    <ClCompile Include="src\Doom\Objects\ParticleSystem.cpp" />
    <ClCompile Include="src\Doom\ImGuizmo\ImGuizmo.cpp" />
    <ClCompile Include="src\Doom\Core\Window.cpp" />
    <ClCompile Include="src\Doom\Lua\LuaVec3.cpp" />
    <ClCompile Include="src\Doom\ParticleSystem\ParticleEmitter.cpp" />
  </ItemGroup>
</Project>